Microsoft Visual Studio Solution File, Format Version 12.00
# Visual Studio Version 17
VisualStudioVersion = 17.0.31903.59
MinimumVisualStudioVersion = 10.0.40219.1
Project("{FAE04EC0-301F-11D3-BF4B-00C04F79EFBC}") = "BetaFarmPlanner", "src\BetaFarmPlanner\BetaFarmPlanner.csproj", "{8EBE1A37-81FD-40C8-8703-72ACDCBB3AC4}"
EndProject
Project("{FAE04EC0-301F-11D3-BF4B-00C04F79EFBC}") = "BetaFarmPlanner.Tests", "tests\BetaFarmPlanner.Tests\BetaFarmPlanner.Tests.csproj", "{015BC6CE-E002-4BAC-969F-2775810FD415}"
EndProject
Global
	GlobalSection(SolutionConfigurationPlatforms) = preSolution
		Debug|Any CPU = Debug|Any CPU
		Release|Any CPU = Release|Any CPU
	EndGlobalSection
	GlobalSection(ProjectConfigurationPlatforms) = postSolution
		{8EBE1A37-81FD-40C8-8703-72ACDCBB3AC4}.Debug|Any CPU.ActiveCfg = Debug|Any CPU
		{8EBE1A37-81FD-40C8-8703-72ACDCBB3AC4}.Debug|Any CPU.Build.0 = Debug|Any CPU
		{8EBE1A37-81FD-40C8-8703-72ACDCBB3AC4}.Release|Any CPU.ActiveCfg = Release|Any CPU
		{8EBE1A37-81FD-40C8-8703-72ACDCBB3AC4}.Release|Any CPU.Build.0 = Release|Any CPU
		{015BC6CE-E002-4BAC-969F-2775810FD415}.Debug|Any CPU.ActiveCfg = Debug|Any CPU
		{015BC6CE-E002-4BAC-969F-2775810FD415}.Debug|Any CPU.Build.0 = Debug|Any CPU
		{015BC6CE-E002-4BAC-969F-2775810FD415}.Release|Any CPU.ActiveCfg = Release|Any CPU
		{015BC6CE-E002-4BAC-969F-2775810FD415}.Release|Any CPU.Build.0 = Release|Any CPU
	EndGlobalSection
EndGlobal
